
Microsoft Visual Studio Solution File, Format Version 12.00
# Visual Studio 2013
VisualStudioVersion = 12.0.30723.0
MinimumVisualStudioVersion = 10.0.40219.1
Project("{FAE04EC0-301F-11D3-BF4B-00C04F79EFBC}") = "DapperTests NET40", "Tests\DapperTests NET40.csproj", "{A2A80512-11F4-4028-A995-505463632C84}"
EndProject
Project("{FAE04EC0-301F-11D3-BF4B-00C04F79EFBC}") = "Dapper NET35", "Dapper NET35\Dapper NET35.csproj", "{B26305D8-3A89-4D68-A981-9BBF378B81FA}"
EndProject
Project("{FAE04EC0-301F-11D3-BF4B-00C04F79EFBC}") = "Dapper.Contrib", "Dapper.Contrib\Dapper.Contrib.csproj", "{C2FC4DF5-C8D1-4EA8-8E0C-85A3793EB0BB}"
EndProject
Project("{FAE04EC0-301F-11D3-BF4B-00C04F79EFBC}") = "Dapper.Contrib.Tests", "Dapper.Contrib.Tests\Dapper.Contrib.Tests.csproj", "{A4F4A06E-D179-4251-A232-AEF4CE9AD9B5}"
EndProject
Project("{FAE04EC0-301F-11D3-BF4B-00C04F79EFBC}") = "DapperTests NET35", "DapperTests NET35\DapperTests NET35.csproj", "{3BAA9F79-BA0A-4092-B47B-20170DD47989}"
EndProject
Project("{FAE04EC0-301F-11D3-BF4B-00C04F79EFBC}") = "Dapper.SqlBuilder", "Dapper.SqlBuilder\Dapper.SqlBuilder.csproj", "{BF782EF1-2B0F-42FA-9DD0-928454A94C6D}"
EndProject
Project("{FAE04EC0-301F-11D3-BF4B-00C04F79EFBC}") = "Dapper.Rainbow", "Dapper.Rainbow\Dapper.Rainbow.csproj", "{21BC6EA8-3D10-4CC9-A1B3-9FAD59F7D1BB}"
EndProject
Project("{2150E333-8FDC-42A3-9474-1A3956D46DE8}") = ".nuget", ".nuget", "{E043638B-9516-477C-A75A-254DD55D4113}"
	ProjectSection(SolutionItems) = preProject
		.nuget\packages.config = .nuget\packages.config
	EndProjectSection
EndProject
Project("{FAE04EC0-301F-11D3-BF4B-00C04F79EFBC}") = "Dapper NET40", "Dapper NET40\Dapper NET40.csproj", "{DAF737E1-05B5-4189-A5AA-DAC6233B64D7}"
EndProject
Project("{FAE04EC0-301F-11D3-BF4B-00C04F79EFBC}") = "Dapper NET45", "Dapper NET45\Dapper NET45.csproj", "{0FFF5BC7-0A4B-4D87-835E-4FAD70937507}"
EndProject
Project("{2150E333-8FDC-42A3-9474-1A3956D46DE8}") = "Solution Items", "Solution Items", "{E757192C-9411-458D-8815-8DAB34E12D03}"
	ProjectSection(SolutionItems) = preProject
		Dapper.Contrib.nuspec = Dapper.Contrib.nuspec
		Dapper.EntityFramework.nuspec = Dapper.EntityFramework.nuspec
		Dapper.nuspec = Dapper.nuspec
		License.txt = License.txt
	EndProjectSection
EndProject
Project("{FAE04EC0-301F-11D3-BF4B-00C04F79EFBC}") = "DapperTests NET45", "DapperTests NET45\DapperTests NET45.csproj", "{5A5183F5-B774-42C9-A992-0A9C85FBE770}"
EndProject
Project("{FAE04EC0-301F-11D3-BF4B-00C04F79EFBC}") = "Dapper.EntityFramework NET45", "Dapper.EntityFramework NET45\Dapper.EntityFramework NET45.csproj", "{C4FF57CD-F033-40D3-892C-EE5290BA3999}"
EndProject
Project("{FAE04EC0-301F-11D3-BF4B-00C04F79EFBC}") = "Dapper.EntityFramework NET40", "Dapper.EntityFramework NET40\Dapper.EntityFramework NET40.csproj", "{2544DFBA-7F64-4003-9C36-D8337F770A36}"
EndProject
Project("{FAE04EC0-301F-11D3-BF4B-00C04F79EFBC}") = "Dapper.Contrib NET45", "Dapper.Contrib NET45\Dapper.Contrib NET45.csproj", "{302EC82F-A81B-48C5-B653-B5C75D2BD103}"
EndProject
Global
	GlobalSection(SolutionConfigurationPlatforms) = preSolution
		Debug|Any CPU = Debug|Any CPU
		Debug|Mixed Platforms = Debug|Mixed Platforms
		Debug|x86 = Debug|x86
		Release|Any CPU = Release|Any CPU
		Release|Mixed Platforms = Release|Mixed Platforms
		Release|x86 = Release|x86
	EndGlobalSection
	GlobalSection(ProjectConfigurationPlatforms) = postSolution
		{A2A80512-11F4-4028-A995-505463632C84}.Debug|Any CPU.ActiveCfg = Debug|x86
		{A2A80512-11F4-4028-A995-505463632C84}.Debug|Mixed Platforms.ActiveCfg = Debug|x86
		{A2A80512-11F4-4028-A995-505463632C84}.Debug|Mixed Platforms.Build.0 = Debug|x86
		{A2A80512-11F4-4028-A995-505463632C84}.Debug|x86.ActiveCfg = Debug|x86
		{A2A80512-11F4-4028-A995-505463632C84}.Debug|x86.Build.0 = Debug|x86
		{A2A80512-11F4-4028-A995-505463632C84}.Release|Any CPU.ActiveCfg = Release|x86
		{A2A80512-11F4-4028-A995-505463632C84}.Release|Mixed Platforms.ActiveCfg = Release|x86
		{A2A80512-11F4-4028-A995-505463632C84}.Release|Mixed Platforms.Build.0 = Release|x86
		{A2A80512-11F4-4028-A995-505463632C84}.Release|x86.ActiveCfg = Release|x86
		{A2A80512-11F4-4028-A995-505463632C84}.Release|x86.Build.0 = Release|x86
		{B26305D8-3A89-4D68-A981-9BBF378B81FA}.Debug|Any CPU.ActiveCfg = Debug|Any CPU
		{B26305D8-3A89-4D68-A981-9BBF378B81FA}.Debug|Any CPU.Build.0 = Debug|Any CPU
		{B26305D8-3A89-4D68-A981-9BBF378B81FA}.Debug|Mixed Platforms.ActiveCfg = Debug|Any CPU
		{B26305D8-3A89-4D68-A981-9BBF378B81FA}.Debug|Mixed Platforms.Build.0 = Debug|Any CPU
		{B26305D8-3A89-4D68-A981-9BBF378B81FA}.Debug|x86.ActiveCfg = Debug|Any CPU
		{B26305D8-3A89-4D68-A981-9BBF378B81FA}.Release|Any CPU.ActiveCfg = Release|Any CPU
		{B26305D8-3A89-4D68-A981-9BBF378B81FA}.Release|Any CPU.Build.0 = Release|Any CPU
		{B26305D8-3A89-4D68-A981-9BBF378B81FA}.Release|Mixed Platforms.ActiveCfg = Release|Any CPU
		{B26305D8-3A89-4D68-A981-9BBF378B81FA}.Release|Mixed Platforms.Build.0 = Release|Any CPU
		{B26305D8-3A89-4D68-A981-9BBF378B81FA}.Release|x86.ActiveCfg = Release|Any CPU
		{C2FC4DF5-C8D1-4EA8-8E0C-85A3793EB0BB}.Debug|Any CPU.ActiveCfg = Debug|Any CPU
		{C2FC4DF5-C8D1-4EA8-8E0C-85A3793EB0BB}.Debug|Any CPU.Build.0 = Debug|Any CPU
		{C2FC4DF5-C8D1-4EA8-8E0C-85A3793EB0BB}.Debug|Mixed Platforms.ActiveCfg = Debug|Any CPU
		{C2FC4DF5-C8D1-4EA8-8E0C-85A3793EB0BB}.Debug|Mixed Platforms.Build.0 = Debug|Any CPU
		{C2FC4DF5-C8D1-4EA8-8E0C-85A3793EB0BB}.Debug|x86.ActiveCfg = Debug|Any CPU
		{C2FC4DF5-C8D1-4EA8-8E0C-85A3793EB0BB}.Release|Any CPU.ActiveCfg = Release|Any CPU
		{C2FC4DF5-C8D1-4EA8-8E0C-85A3793EB0BB}.Release|Any CPU.Build.0 = Release|Any CPU
		{C2FC4DF5-C8D1-4EA8-8E0C-85A3793EB0BB}.Release|Mixed Platforms.ActiveCfg = Release|Any CPU
		{C2FC4DF5-C8D1-4EA8-8E0C-85A3793EB0BB}.Release|Mixed Platforms.Build.0 = Release|Any CPU
		{C2FC4DF5-C8D1-4EA8-8E0C-85A3793EB0BB}.Release|x86.ActiveCfg = Release|Any CPU
		{A4F4A06E-D179-4251-A232-AEF4CE9AD9B5}.Debug|Any CPU.ActiveCfg = Debug|x86
		{A4F4A06E-D179-4251-A232-AEF4CE9AD9B5}.Debug|Mixed Platforms.ActiveCfg = Debug|x86
		{A4F4A06E-D179-4251-A232-AEF4CE9AD9B5}.Debug|Mixed Platforms.Build.0 = Debug|x86
		{A4F4A06E-D179-4251-A232-AEF4CE9AD9B5}.Debug|x86.ActiveCfg = Debug|x86
		{A4F4A06E-D179-4251-A232-AEF4CE9AD9B5}.Debug|x86.Build.0 = Debug|x86
		{A4F4A06E-D179-4251-A232-AEF4CE9AD9B5}.Release|Any CPU.ActiveCfg = Release|x86
		{A4F4A06E-D179-4251-A232-AEF4CE9AD9B5}.Release|Mixed Platforms.ActiveCfg = Release|x86
		{A4F4A06E-D179-4251-A232-AEF4CE9AD9B5}.Release|Mixed Platforms.Build.0 = Release|x86
		{A4F4A06E-D179-4251-A232-AEF4CE9AD9B5}.Release|x86.ActiveCfg = Release|x86
		{A4F4A06E-D179-4251-A232-AEF4CE9AD9B5}.Release|x86.Build.0 = Release|x86
		{3BAA9F79-BA0A-4092-B47B-20170DD47989}.Debug|Any CPU.ActiveCfg = Debug|x86
		{3BAA9F79-BA0A-4092-B47B-20170DD47989}.Debug|Mixed Platforms.ActiveCfg = Debug|x86
		{3BAA9F79-BA0A-4092-B47B-20170DD47989}.Debug|Mixed Platforms.Build.0 = Debug|x86
		{3BAA9F79-BA0A-4092-B47B-20170DD47989}.Debug|x86.ActiveCfg = Debug|x86
		{3BAA9F79-BA0A-4092-B47B-20170DD47989}.Debug|x86.Build.0 = Debug|x86
		{3BAA9F79-BA0A-4092-B47B-20170DD47989}.Release|Any CPU.ActiveCfg = Release|x86
		{3BAA9F79-BA0A-4092-B47B-20170DD47989}.Release|Mixed Platforms.ActiveCfg = Release|x86
		{3BAA9F79-BA0A-4092-B47B-20170DD47989}.Release|Mixed Platforms.Build.0 = Release|x86
		{3BAA9F79-BA0A-4092-B47B-20170DD47989}.Release|x86.ActiveCfg = Release|x86
		{3BAA9F79-BA0A-4092-B47B-20170DD47989}.Release|x86.Build.0 = Release|x86
		{BF782EF1-2B0F-42FA-9DD0-928454A94C6D}.Debug|Any CPU.ActiveCfg = Debug|Any CPU
		{BF782EF1-2B0F-42FA-9DD0-928454A94C6D}.Debug|Any CPU.Build.0 = Debug|Any CPU
		{BF782EF1-2B0F-42FA-9DD0-928454A94C6D}.Debug|Mixed Platforms.ActiveCfg = Debug|Any CPU
		{BF782EF1-2B0F-42FA-9DD0-928454A94C6D}.Debug|Mixed Platforms.Build.0 = Debug|Any CPU
		{BF782EF1-2B0F-42FA-9DD0-928454A94C6D}.Debug|x86.ActiveCfg = Debug|Any CPU
		{BF782EF1-2B0F-42FA-9DD0-928454A94C6D}.Release|Any CPU.ActiveCfg = Release|Any CPU
		{BF782EF1-2B0F-42FA-9DD0-928454A94C6D}.Release|Any CPU.Build.0 = Release|Any CPU
		{BF782EF1-2B0F-42FA-9DD0-928454A94C6D}.Release|Mixed Platforms.ActiveCfg = Release|Any CPU
		{BF782EF1-2B0F-42FA-9DD0-928454A94C6D}.Release|Mixed Platforms.Build.0 = Release|Any CPU
		{BF782EF1-2B0F-42FA-9DD0-928454A94C6D}.Release|x86.ActiveCfg = Release|Any CPU
		{21BC6EA8-3D10-4CC9-A1B3-9FAD59F7D1BB}.Debug|Any CPU.ActiveCfg = Debug|Any CPU
		{21BC6EA8-3D10-4CC9-A1B3-9FAD59F7D1BB}.Debug|Any CPU.Build.0 = Debug|Any CPU
		{21BC6EA8-3D10-4CC9-A1B3-9FAD59F7D1BB}.Debug|Mixed Platforms.ActiveCfg = Debug|Any CPU
		{21BC6EA8-3D10-4CC9-A1B3-9FAD59F7D1BB}.Debug|Mixed Platforms.Build.0 = Debug|Any CPU
		{21BC6EA8-3D10-4CC9-A1B3-9FAD59F7D1BB}.Debug|x86.ActiveCfg = Debug|Any CPU
		{21BC6EA8-3D10-4CC9-A1B3-9FAD59F7D1BB}.Release|Any CPU.ActiveCfg = Release|Any CPU
		{21BC6EA8-3D10-4CC9-A1B3-9FAD59F7D1BB}.Release|Any CPU.Build.0 = Release|Any CPU
		{21BC6EA8-3D10-4CC9-A1B3-9FAD59F7D1BB}.Release|Mixed Platforms.ActiveCfg = Release|Any CPU
		{21BC6EA8-3D10-4CC9-A1B3-9FAD59F7D1BB}.Release|Mixed Platforms.Build.0 = Release|Any CPU
		{21BC6EA8-3D10-4CC9-A1B3-9FAD59F7D1BB}.Release|x86.ActiveCfg = Release|Any CPU
		{DAF737E1-05B5-4189-A5AA-DAC6233B64D7}.Debug|Any CPU.ActiveCfg = Debug|Any CPU
		{DAF737E1-05B5-4189-A5AA-DAC6233B64D7}.Debug|Any CPU.Build.0 = Debug|Any CPU
		{DAF737E1-05B5-4189-A5AA-DAC6233B64D7}.Debug|Mixed Platforms.ActiveCfg = Debug|Any CPU
		{DAF737E1-05B5-4189-A5AA-DAC6233B64D7}.Debug|Mixed Platforms.Build.0 = Debug|Any CPU
		{DAF737E1-05B5-4189-A5AA-DAC6233B64D7}.Debug|x86.ActiveCfg = Debug|Any CPU
		{DAF737E1-05B5-4189-A5AA-DAC6233B64D7}.Release|Any CPU.ActiveCfg = Release|Any CPU
		{DAF737E1-05B5-4189-A5AA-DAC6233B64D7}.Release|Any CPU.Build.0 = Release|Any CPU
		{DAF737E1-05B5-4189-A5AA-DAC6233B64D7}.Release|Mixed Platforms.ActiveCfg = Release|Any CPU
		{DAF737E1-05B5-4189-A5AA-DAC6233B64D7}.Release|Mixed Platforms.Build.0 = Release|Any CPU
		{DAF737E1-05B5-4189-A5AA-DAC6233B64D7}.Release|x86.ActiveCfg = Release|Any CPU
		{0FFF5BC7-0A4B-4D87-835E-4FAD70937507}.Debug|Any CPU.ActiveCfg = Debug|Any CPU
		{0FFF5BC7-0A4B-4D87-835E-4FAD70937507}.Debug|Any CPU.Build.0 = Debug|Any CPU
		{0FFF5BC7-0A4B-4D87-835E-4FAD70937507}.Debug|Mixed Platforms.ActiveCfg = Debug|Any CPU
		{0FFF5BC7-0A4B-4D87-835E-4FAD70937507}.Debug|Mixed Platforms.Build.0 = Debug|Any CPU
		{0FFF5BC7-0A4B-4D87-835E-4FAD70937507}.Debug|x86.ActiveCfg = Debug|Any CPU
		{0FFF5BC7-0A4B-4D87-835E-4FAD70937507}.Release|Any CPU.ActiveCfg = Release|Any CPU
		{0FFF5BC7-0A4B-4D87-835E-4FAD70937507}.Release|Any CPU.Build.0 = Release|Any CPU
		{0FFF5BC7-0A4B-4D87-835E-4FAD70937507}.Release|Mixed Platforms.ActiveCfg = Release|Any CPU
		{0FFF5BC7-0A4B-4D87-835E-4FAD70937507}.Release|Mixed Platforms.Build.0 = Release|Any CPU
		{0FFF5BC7-0A4B-4D87-835E-4FAD70937507}.Release|x86.ActiveCfg = Release|Any CPU
		{5A5183F5-B774-42C9-A992-0A9C85FBE770}.Debug|Any CPU.ActiveCfg = Debug|Any CPU
		{5A5183F5-B774-42C9-A992-0A9C85FBE770}.Debug|Any CPU.Build.0 = Debug|Any CPU
		{5A5183F5-B774-42C9-A992-0A9C85FBE770}.Debug|Mixed Platforms.ActiveCfg = Debug|Any CPU
		{5A5183F5-B774-42C9-A992-0A9C85FBE770}.Debug|Mixed Platforms.Build.0 = Debug|Any CPU
		{5A5183F5-B774-42C9-A992-0A9C85FBE770}.Debug|x86.ActiveCfg = Debug|Any CPU
		{5A5183F5-B774-42C9-A992-0A9C85FBE770}.Release|Any CPU.ActiveCfg = Release|Any CPU
		{5A5183F5-B774-42C9-A992-0A9C85FBE770}.Release|Any CPU.Build.0 = Release|Any CPU
		{5A5183F5-B774-42C9-A992-0A9C85FBE770}.Release|Mixed Platforms.ActiveCfg = Release|Any CPU
		{5A5183F5-B774-42C9-A992-0A9C85FBE770}.Release|Mixed Platforms.Build.0 = Release|Any CPU
		{5A5183F5-B774-42C9-A992-0A9C85FBE770}.Release|x86.ActiveCfg = Release|Any CPU
		{C4FF57CD-F033-40D3-892C-EE5290BA3999}.Debug|Any CPU.ActiveCfg = Debug|Any CPU
		{C4FF57CD-F033-40D3-892C-EE5290BA3999}.Debug|Any CPU.Build.0 = Debug|Any CPU
		{C4FF57CD-F033-40D3-892C-EE5290BA3999}.Debug|Mixed Platforms.ActiveCfg = Debug|Any CPU
		{C4FF57CD-F033-40D3-892C-EE5290BA3999}.Debug|Mixed Platforms.Build.0 = Debug|Any CPU
		{C4FF57CD-F033-40D3-892C-EE5290BA3999}.Debug|x86.ActiveCfg = Debug|Any CPU
		{C4FF57CD-F033-40D3-892C-EE5290BA3999}.Release|Any CPU.ActiveCfg = Release|Any CPU
		{C4FF57CD-F033-40D3-892C-EE5290BA3999}.Release|Any CPU.Build.0 = Release|Any CPU
		{C4FF57CD-F033-40D3-892C-EE5290BA3999}.Release|Mixed Platforms.ActiveCfg = Release|Any CPU
		{C4FF57CD-F033-40D3-892C-EE5290BA3999}.Release|Mixed Platforms.Build.0 = Release|Any CPU
		{C4FF57CD-F033-40D3-892C-EE5290BA3999}.Release|x86.ActiveCfg = Release|Any CPU
		{2544DFBA-7F64-4003-9C36-D8337F770A36}.Debug|Any CPU.ActiveCfg = Debug|Any CPU
		{2544DFBA-7F64-4003-9C36-D8337F770A36}.Debug|Any CPU.Build.0 = Debug|Any CPU
		{2544DFBA-7F64-4003-9C36-D8337F770A36}.Debug|Mixed Platforms.ActiveCfg = Debug|Any CPU
		{2544DFBA-7F64-4003-9C36-D8337F770A36}.Debug|Mixed Platforms.Build.0 = Debug|Any CPU
		{2544DFBA-7F64-4003-9C36-D8337F770A36}.Debug|x86.ActiveCfg = Debug|Any CPU
		{2544DFBA-7F64-4003-9C36-D8337F770A36}.Release|Any CPU.ActiveCfg = Release|Any CPU
		{2544DFBA-7F64-4003-9C36-D8337F770A36}.Release|Any CPU.Build.0 = Release|Any CPU
		{2544DFBA-7F64-4003-9C36-D8337F770A36}.Release|Mixed Platforms.ActiveCfg = Release|Any CPU
		{2544DFBA-7F64-4003-9C36-D8337F770A36}.Release|Mixed Platforms.Build.0 = Release|Any CPU
		{2544DFBA-7F64-4003-9C36-D8337F770A36}.Release|x86.ActiveCfg = Release|Any CPU
		{302EC82F-A81B-48C5-B653-B5C75D2BD103}.Debug|Any CPU.ActiveCfg = Debug|Any CPU
		{302EC82F-A81B-48C5-B653-B5C75D2BD103}.Debug|Any CPU.Build.0 = Debug|Any CPU
		{302EC82F-A81B-48C5-B653-B5C75D2BD103}.Debug|Mixed Platforms.ActiveCfg = Debug|Any CPU
		{302EC82F-A81B-48C5-B653-B5C75D2BD103}.Debug|Mixed Platforms.Build.0 = Debug|Any CPU
		{302EC82F-A81B-48C5-B653-B5C75D2BD103}.Debug|x86.ActiveCfg = Debug|Any CPU
		{302EC82F-A81B-48C5-B653-B5C75D2BD103}.Release|Any CPU.ActiveCfg = Release|Any CPU
		{302EC82F-A81B-48C5-B653-B5C75D2BD103}.Release|Any CPU.Build.0 = Release|Any CPU
		{302EC82F-A81B-48C5-B653-B5C75D2BD103}.Release|Mixed Platforms.ActiveCfg = Release|Any CPU
		{302EC82F-A81B-48C5-B653-B5C75D2BD103}.Release|Mixed Platforms.Build.0 = Release|Any CPU
		{302EC82F-A81B-48C5-B653-B5C75D2BD103}.Release|x86.ActiveCfg = Release|Any CPU
	EndGlobalSection
	GlobalSection(SolutionProperties) = preSolution
		HideSolutionNode = FALSE
	EndGlobalSection
EndGlobal
