
Microsoft Visual Studio Solution File, Format Version 12.00
# Visual Studio Version 16
VisualStudioVersion = 16.0.28917.182
MinimumVisualStudioVersion = 10.0.40219.1
Project("{2150E333-8FDC-42A3-9474-1A3956D46DE8}") = "Solution Items", "Solution Items", "{A34907DF-958A-4E4C-8491-84CF303FD13E}"
	ProjectSection(SolutionItems) = preProject
		.editorconfig = .editorconfig
		appveyor.yml = appveyor.yml
		build.ps1 = build.ps1
		Directory.Build.props = Directory.Build.props
		global.json = global.json
		docs\index.md = docs\index.md
		License.txt = License.txt
		nuget.config = nuget.config
		Readme.md = Readme.md
		version.json = version.json
	EndProjectSection
EndProject
Project("{9A19103F-16F7-4668-BE54-9A1E7A4F7556}") = "Dapper", "Dapper\Dapper.csproj", "{FAC24C3F-68F9-4247-A4B9-21D487E99275}"
EndProject
Project("{9A19103F-16F7-4668-BE54-9A1E7A4F7556}") = "Dapper.StrongName", "Dapper.StrongName\Dapper.StrongName.csproj", "{549C51A1-222B-4E12-96F1-3AEFF45A7709}"
EndProject
Project("{9A19103F-16F7-4668-BE54-9A1E7A4F7556}") = "Dapper.Tests", "Dapper.Tests\Dapper.Tests.csproj", "{052C0817-DB26-4925-8929-8C5E42D148D5}"
EndProject
Project("{9A19103F-16F7-4668-BE54-9A1E7A4F7556}") = "Dapper.Contrib", "Dapper.Contrib\Dapper.Contrib.csproj", "{4E409F8F-CFBB-4332-8B0A-FD5A283051FD}"
EndProject
Project("{9A19103F-16F7-4668-BE54-9A1E7A4F7556}") = "Dapper.EntityFramework", "Dapper.EntityFramework\Dapper.EntityFramework.csproj", "{BE401F7B-8611-4A1E-AEAA-5CB700128C16}"
EndProject
Project("{9A19103F-16F7-4668-BE54-9A1E7A4F7556}") = "Dapper.Tests.Contrib", "Dapper.Tests.Contrib\Dapper.Tests.Contrib.csproj", "{DAB3C5B7-BCD1-4A5F-BB6B-50D2BB63DB4A}"
EndProject
Project("{9A19103F-16F7-4668-BE54-9A1E7A4F7556}") = "Dapper.SqlBuilder", "Dapper.SqlBuilder\Dapper.SqlBuilder.csproj", "{196928F0-7052-4585-90E8-817BD720F5E3}"
EndProject
Project("{9A19103F-16F7-4668-BE54-9A1E7A4F7556}") = "Dapper.Rainbow", "Dapper.Rainbow\Dapper.Rainbow.csproj", "{8A74F0B6-188F-45D2-8A4B-51E4F211805A}"
EndProject
Project("{2150E333-8FDC-42A3-9474-1A3956D46DE8}") = "src", "src", "{4E956F6B-6BD8-46F5-BC85-49292FF8F9AB}"
	ProjectSection(SolutionItems) = preProject
		Directory.Build.props = Directory.Build.props
	EndProjectSection
EndProject
Project("{2150E333-8FDC-42A3-9474-1A3956D46DE8}") = "tests", "tests", "{568BD46C-1C65-4D44-870C-12CD72563262}"
EndProject
Project("{9A19103F-16F7-4668-BE54-9A1E7A4F7556}") = "Dapper.EntityFramework.StrongName", "Dapper.EntityFramework.StrongName\Dapper.EntityFramework.StrongName.csproj", "{39D3EEB6-9C05-4F4A-8C01-7B209742A7EB}"
EndProject
Project("{9A19103F-16F7-4668-BE54-9A1E7A4F7556}") = "Dapper.Tests.Performance", "Dapper.Tests.Performance\Dapper.Tests.Performance.csproj", "{F017075A-2969-4A8E-8971-26F154EB420F}"
EndProject
Project("{9A19103F-16F7-4668-BE54-9A1E7A4F7556}") = "Dapper.ProviderTools", "Dapper.ProviderTools\Dapper.ProviderTools.csproj", "{B06DB435-0C74-4BD3-BC97-52AF7CF9916B}"
EndProject
Global
	GlobalSection(SolutionConfigurationPlatforms) = preSolution
		Debug|Any CPU = Debug|Any CPU
		Release|Any CPU = Release|Any CPU
	EndGlobalSection
	GlobalSection(ProjectConfigurationPlatforms) = postSolution
		{FAC24C3F-68F9-4247-A4B9-21D487E99275}.Debug|Any CPU.ActiveCfg = Debug|Any CPU
		{FAC24C3F-68F9-4247-A4B9-21D487E99275}.Debug|Any CPU.Build.0 = Debug|Any CPU
		{FAC24C3F-68F9-4247-A4B9-21D487E99275}.Release|Any CPU.ActiveCfg = Release|Any CPU
		{FAC24C3F-68F9-4247-A4B9-21D487E99275}.Release|Any CPU.Build.0 = Release|Any CPU
		{549C51A1-222B-4E12-96F1-3AEFF45A7709}.Debug|Any CPU.ActiveCfg = Debug|Any CPU
		{549C51A1-222B-4E12-96F1-3AEFF45A7709}.Debug|Any CPU.Build.0 = Debug|Any CPU
		{549C51A1-222B-4E12-96F1-3AEFF45A7709}.Release|Any CPU.ActiveCfg = Release|Any CPU
		{549C51A1-222B-4E12-96F1-3AEFF45A7709}.Release|Any CPU.Build.0 = Release|Any CPU
		{052C0817-DB26-4925-8929-8C5E42D148D5}.Debug|Any CPU.ActiveCfg = Debug|Any CPU
		{052C0817-DB26-4925-8929-8C5E42D148D5}.Debug|Any CPU.Build.0 = Debug|Any CPU
		{052C0817-DB26-4925-8929-8C5E42D148D5}.Release|Any CPU.ActiveCfg = Release|Any CPU
		{052C0817-DB26-4925-8929-8C5E42D148D5}.Release|Any CPU.Build.0 = Release|Any CPU
		{4E409F8F-CFBB-4332-8B0A-FD5A283051FD}.Debug|Any CPU.ActiveCfg = Debug|Any CPU
		{4E409F8F-CFBB-4332-8B0A-FD5A283051FD}.Debug|Any CPU.Build.0 = Debug|Any CPU
		{4E409F8F-CFBB-4332-8B0A-FD5A283051FD}.Release|Any CPU.ActiveCfg = Release|Any CPU
		{4E409F8F-CFBB-4332-8B0A-FD5A283051FD}.Release|Any CPU.Build.0 = Release|Any CPU
		{BE401F7B-8611-4A1E-AEAA-5CB700128C16}.Debug|Any CPU.ActiveCfg = Debug|Any CPU
		{BE401F7B-8611-4A1E-AEAA-5CB700128C16}.Debug|Any CPU.Build.0 = Debug|Any CPU
		{BE401F7B-8611-4A1E-AEAA-5CB700128C16}.Release|Any CPU.ActiveCfg = Release|Any CPU
		{BE401F7B-8611-4A1E-AEAA-5CB700128C16}.Release|Any CPU.Build.0 = Release|Any CPU
		{DAB3C5B7-BCD1-4A5F-BB6B-50D2BB63DB4A}.Debug|Any CPU.ActiveCfg = Debug|Any CPU
		{DAB3C5B7-BCD1-4A5F-BB6B-50D2BB63DB4A}.Debug|Any CPU.Build.0 = Debug|Any CPU
		{DAB3C5B7-BCD1-4A5F-BB6B-50D2BB63DB4A}.Release|Any CPU.ActiveCfg = Release|Any CPU
		{DAB3C5B7-BCD1-4A5F-BB6B-50D2BB63DB4A}.Release|Any CPU.Build.0 = Release|Any CPU
		{196928F0-7052-4585-90E8-817BD720F5E3}.Debug|Any CPU.ActiveCfg = Debug|Any CPU
		{196928F0-7052-4585-90E8-817BD720F5E3}.Debug|Any CPU.Build.0 = Debug|Any CPU
		{196928F0-7052-4585-90E8-817BD720F5E3}.Release|Any CPU.ActiveCfg = Release|Any CPU
		{196928F0-7052-4585-90E8-817BD720F5E3}.Release|Any CPU.Build.0 = Release|Any CPU
		{8A74F0B6-188F-45D2-8A4B-51E4F211805A}.Debug|Any CPU.ActiveCfg = Debug|Any CPU
		{8A74F0B6-188F-45D2-8A4B-51E4F211805A}.Debug|Any CPU.Build.0 = Debug|Any CPU
		{8A74F0B6-188F-45D2-8A4B-51E4F211805A}.Release|Any CPU.ActiveCfg = Release|Any CPU
		{8A74F0B6-188F-45D2-8A4B-51E4F211805A}.Release|Any CPU.Build.0 = Release|Any CPU
		{39D3EEB6-9C05-4F4A-8C01-7B209742A7EB}.Debug|Any CPU.ActiveCfg = Debug|Any CPU
		{39D3EEB6-9C05-4F4A-8C01-7B209742A7EB}.Debug|Any CPU.Build.0 = Debug|Any CPU
		{39D3EEB6-9C05-4F4A-8C01-7B209742A7EB}.Release|Any CPU.ActiveCfg = Release|Any CPU
		{39D3EEB6-9C05-4F4A-8C01-7B209742A7EB}.Release|Any CPU.Build.0 = Release|Any CPU
		{F017075A-2969-4A8E-8971-26F154EB420F}.Debug|Any CPU.ActiveCfg = Debug|Any CPU
		{F017075A-2969-4A8E-8971-26F154EB420F}.Debug|Any CPU.Build.0 = Debug|Any CPU
		{F017075A-2969-4A8E-8971-26F154EB420F}.Release|Any CPU.ActiveCfg = Release|Any CPU
		{F017075A-2969-4A8E-8971-26F154EB420F}.Release|Any CPU.Build.0 = Release|Any CPU
		{B06DB435-0C74-4BD3-BC97-52AF7CF9916B}.Debug|Any CPU.ActiveCfg = Debug|Any CPU
		{B06DB435-0C74-4BD3-BC97-52AF7CF9916B}.Debug|Any CPU.Build.0 = Debug|Any CPU
		{B06DB435-0C74-4BD3-BC97-52AF7CF9916B}.Release|Any CPU.ActiveCfg = Release|Any CPU
		{B06DB435-0C74-4BD3-BC97-52AF7CF9916B}.Release|Any CPU.Build.0 = Release|Any CPU
	EndGlobalSection
	GlobalSection(SolutionProperties) = preSolution
		HideSolutionNode = FALSE
	EndGlobalSection
	GlobalSection(NestedProjects) = preSolution
		{FAC24C3F-68F9-4247-A4B9-21D487E99275} = {4E956F6B-6BD8-46F5-BC85-49292FF8F9AB}
		{549C51A1-222B-4E12-96F1-3AEFF45A7709} = {4E956F6B-6BD8-46F5-BC85-49292FF8F9AB}
		{052C0817-DB26-4925-8929-8C5E42D148D5} = {568BD46C-1C65-4D44-870C-12CD72563262}
		{4E409F8F-CFBB-4332-8B0A-FD5A283051FD} = {4E956F6B-6BD8-46F5-BC85-49292FF8F9AB}
		{BE401F7B-8611-4A1E-AEAA-5CB700128C16} = {4E956F6B-6BD8-46F5-BC85-49292FF8F9AB}
		{DAB3C5B7-BCD1-4A5F-BB6B-50D2BB63DB4A} = {568BD46C-1C65-4D44-870C-12CD72563262}
		{196928F0-7052-4585-90E8-817BD720F5E3} = {4E956F6B-6BD8-46F5-BC85-49292FF8F9AB}
		{8A74F0B6-188F-45D2-8A4B-51E4F211805A} = {4E956F6B-6BD8-46F5-BC85-49292FF8F9AB}
		{39D3EEB6-9C05-4F4A-8C01-7B209742A7EB} = {4E956F6B-6BD8-46F5-BC85-49292FF8F9AB}
		{F017075A-2969-4A8E-8971-26F154EB420F} = {568BD46C-1C65-4D44-870C-12CD72563262}
		{B06DB435-0C74-4BD3-BC97-52AF7CF9916B} = {4E956F6B-6BD8-46F5-BC85-49292FF8F9AB}
	EndGlobalSection
	GlobalSection(ExtensibilityGlobals) = postSolution
		SolutionGuid = {928A4226-96F3-409A-8A83-9E7444488710}
	EndGlobalSection
EndGlobal
