
Microsoft Visual Studio Solution File, Format Version 11.00
# Visual Studio 2010
Project("{FAE04EC0-301F-11D3-BF4B-00C04F79EFBC}") = "SqlMapper", "SqlMapper.csproj", "{A2A80512-11F4-4028-A995-505463632C84}"
EndProject
Global
	GlobalSection(SolutionConfigurationPlatforms) = preSolution
		Debug|x86 = Debug|x86
		Release|x86 = Release|x86
	EndGlobalSection
	GlobalSection(ProjectConfigurationPlatforms) = postSolution
		{A2A80512-11F4-4028-A995-505463632C84}.Debug|x86.ActiveCfg = Debug|x86
		{A2A80512-11F4-4028-A995-505463632C84}.Debug|x86.Build.0 = Debug|x86
		{A2A80512-11F4-4028-A995-505463632C84}.Release|x86.ActiveCfg = Release|x86
		{A2A80512-11F4-4028-A995-505463632C84}.Release|x86.Build.0 = Release|x86
	EndGlobalSection
	GlobalSection(SolutionProperties) = preSolution
		HideSolutionNode = FALSE
	EndGlobalSection
EndGlobal
